// !$*UTF8*$!
{
	archiveVersion = 1;
	classes = {
	};
	objectVersion = 56;
	objects = {

/* Begin PBXBuildFile section */
		1C42BF242B488E0700C43B28 /* AppDelegate.swift in Sources */ = {isa = PBXBuildFile; fileRef = 1C42BF232B488E0700C43B28 /* AppDelegate.swift */; };
		1C42BF262B488E0700C43B28 /* SceneDelegate.swift in Sources */ = {isa = PBXBuildFile; fileRef = 1C42BF252B488E0700C43B28 /* SceneDelegate.swift */; };
		1C42BF282B488E0700C43B28 /* ViewController.swift in Sources */ = {isa = PBXBuildFile; fileRef = 1C42BF272B488E0700C43B28 /* ViewController.swift */; };
		1C42BF2B2B488E0700C43B28 /* Main.storyboard in Resources */ = {isa = PBXBuildFile; fileRef = 1C42BF292B488E0700C43B28 /* Main.storyboard */; };
		1C42BF2D2B488E0D00C43B28 /* Assets.xcassets in Resources */ = {isa = PBXBuildFile; fileRef = 1C42BF2C2B488E0D00C43B28 /* Assets.xcassets */; };
		1C42BF302B488E0D00C43B28 /* LaunchScreen.storyboard in Resources */ = {isa = PBXBuildFile; fileRef = 1C42BF2E2B488E0D00C43B28 /* LaunchScreen.storyboard */; };
		1C42BF3E2B48926B00C43B28 /* Sign.swift in Sources */ = {isa = PBXBuildFile; fileRef = 1C42BF3D2B48926B00C43B28 /* Sign.swift */; };
		1C42BF412B48928A00C43B28 /* GameState.swift in Sources */ = {isa = PBXBuildFile; fileRef = 1C42BF402B48928A00C43B28 /* GameState.swift */; };
		1C7C73CD2B644B2100654D02 /* rps2.png in Resources */ = {isa = PBXBuildFile; fileRef = 1C7C73C92B644B2100654D02 /* rps2.png */; };
		1C7C73CE2B644B2100654D02 /* rps1.png in Resources */ = {isa = PBXBuildFile; fileRef = 1C7C73CA2B644B2100654D02 /* rps1.png */; };
		1C7C73CF2B644B2100654D02 /* rps4.png in Resources */ = {isa = PBXBuildFile; fileRef = 1C7C73CB2B644B2100654D02 /* rps4.png */; };
		1C7C73D02B644B2100654D02 /* rps3.png in Resources */ = {isa = PBXBuildFile; fileRef = 1C7C73CC2B644B2100654D02 /* rps3.png */; };
/* End PBXBuildFile section */

/* Begin PBXFileReference section */
		1C42BF202B488E0700C43B28 /* RPS.app */ = {isa = PBXFileReference; explicitFileType = wrapper.application; includeInIndex = 0; path = RPS.app; sourceTree = BUILT_PRODUCTS_DIR; };
		1C42BF232B488E0700C43B28 /* AppDelegate.swift */ = {isa = PBXFileReference; lastKnownFileType = sourcecode.swift; path = AppDelegate.swift; sourceTree = "<group>"; };
		1C42BF252B488E0700C43B28 /* SceneDelegate.swift */ = {isa = PBXFileReference; lastKnownFileType = sourcecode.swift; path = SceneDelegate.swift; sourceTree = "<group>"; };
		1C42BF272B488E0700C43B28 /* ViewController.swift */ = {isa = PBXFileReference; lastKnownFileType = sourcecode.swift; path = ViewController.swift; sourceTree = "<group>"; };
		1C42BF2A2B488E0700C43B28 /* Base */ = {isa = PBXFileReference; lastKnownFileType = file.storyboard; name = Base; path = Base.lproj/Main.storyboard; sourceTree = "<group>"; };
		1C42BF2C2B488E0D00C43B28 /* Assets.xcassets */ = {isa = PBXFileReference; lastKnownFileType = folder.assetcatalog; path = Assets.xcassets; sourceTree = "<group>"; };
		1C42BF2F2B488E0D00C43B28 /* Base */ = {isa = PBXFileReference; lastKnownFileType = file.storyboard; name = Base; path = Base.lproj/LaunchScreen.storyboard; sourceTree = "<group>"; };
		1C42BF312B488E0D00C43B28 /* Info.plist */ = {isa = PBXFileReference; lastKnownFileType = text.plist.xml; path = Info.plist; sourceTree = "<group>"; };
		1C42BF3D2B48926B00C43B28 /* Sign.swift */ = {isa = PBXFileReference; lastKnownFileType = sourcecode.swift; path = Sign.swift; sourceTree = "<group>"; };
		1C42BF402B48928A00C43B28 /* GameState.swift */ = {isa = PBXFileReference; lastKnownFileType = sourcecode.swift; path = GameState.swift; sourceTree = "<group>"; };
		1C7C73C92B644B2100654D02 /* rps2.png */ = {isa = PBXFileReference; lastKnownFileType = image.png; path = rps2.png; sourceTree = "<group>"; };
		1C7C73CA2B644B2100654D02 /* rps1.png */ = {isa = PBXFileReference; lastKnownFileType = image.png; path = rps1.png; sourceTree = "<group>"; };
		1C7C73CB2B644B2100654D02 /* rps4.png */ = {isa = PBXFileReference; lastKnownFileType = image.png; path = rps4.png; sourceTree = "<group>"; };
		1C7C73CC2B644B2100654D02 /* rps3.png */ = {isa = PBXFileReference; lastKnownFileType = image.png; path = rps3.png; sourceTree = "<group>"; };
/* End PBXFileReference section */

/* Begin PBXFrameworksBuildPhase section */
		1C42BF1D2B488E0700C43B28 /* Frameworks */ = {
			isa = PBXFrameworksBuildPhase;
			buildActionMask = 2147483647;
			files = (
			);
			runOnlyForDeploymentPostprocessing = 0;
		};
/* End PBXFrameworksBuildPhase section */

/* Begin PBXGroup section */
		1C42BF172B488E0700C43B28 = {
			isa = PBXGroup;
			children = (
				1C42BF222B488E0700C43B28 /* RPS */,
				1C42BF212B488E0700C43B28 /* Products */,
			);
			sourceTree = "<group>";
		};
		1C42BF212B488E0700C43B28 /* Products */ = {
			isa = PBXGroup;
			children = (
				1C42BF202B488E0700C43B28 /* RPS.app */,
			);
			name = Products;
			sourceTree = "<group>";
		};
		1C42BF222B488E0700C43B28 /* RPS */ = {
			isa = PBXGroup;
			children = (
				1C7C73C82B644B0A00654D02 /* AppScreenshots */,
				1C42BF392B4891E900C43B28 /* Models */,
				1C42BF3A2B4891F200C43B28 /* Views */,
				1C42BF3B2B4891FA00C43B28 /* Controllers */,
				1C42BF292B488E0700C43B28 /* Main.storyboard */,
				1C42BF2C2B488E0D00C43B28 /* Assets.xcassets */,
				1C42BF2E2B488E0D00C43B28 /* LaunchScreen.storyboard */,
				1C42BF312B488E0D00C43B28 /* Info.plist */,
				1C42BF3C2B48920C00C43B28 /* Supported Files */,
			);
			path = RPS;
			sourceTree = "<group>";
		};
		1C42BF392B4891E900C43B28 /* Models */ = {
			isa = PBXGroup;
			children = (
				1C42BF3D2B48926B00C43B28 /* Sign.swift */,
				1C42BF402B48928A00C43B28 /* GameState.swift */,
			);
			path = Models;
			sourceTree = "<group>";
		};
		1C42BF3A2B4891F200C43B28 /* Views */ = {
			isa = PBXGroup;
			children = (
			);
			path = Views;
			sourceTree = "<group>";
		};
		1C42BF3B2B4891FA00C43B28 /* Controllers */ = {
			isa = PBXGroup;
			children = (
				1C42BF272B488E0700C43B28 /* ViewController.swift */,
			);
			path = Controllers;
			sourceTree = "<group>";
		};
		1C42BF3C2B48920C00C43B28 /* Supported Files */ = {
			isa = PBXGroup;
			children = (
				1C42BF232B488E0700C43B28 /* AppDelegate.swift */,
				1C42BF252B488E0700C43B28 /* SceneDelegate.swift */,
			);
			path = "Supported Files";
			sourceTree = "<group>";
		};
		1C7C73C82B644B0A00654D02 /* AppScreenshots */ = {
			isa = PBXGroup;
			children = (
				1C7C73CA2B644B2100654D02 /* rps1.png */,
				1C7C73C92B644B2100654D02 /* rps2.png */,
				1C7C73CC2B644B2100654D02 /* rps3.png */,
				1C7C73CB2B644B2100654D02 /* rps4.png */,
			);
			path = AppScreenshots;
			sourceTree = "<group>";
		};
/* End PBXGroup section */

/* Begin PBXNativeTarget section */
		1C42BF1F2B488E0700C43B28 /* RPS */ = {
			isa = PBXNativeTarget;
			buildConfigurationList = 1C42BF342B488E0D00C43B28 /* Build configuration list for PBXNativeTarget "RPS" */;
			buildPhases = (
				1C42BF1C2B488E0700C43B28 /* Sources */,
				1C42BF1D2B488E0700C43B28 /* Frameworks */,
				1C42BF1E2B488E0700C43B28 /* Resources */,
			);
			buildRules = (
			);
			dependencies = (
			);
			name = RPS;
			productName = RPS;
			productReference = 1C42BF202B488E0700C43B28 /* RPS.app */;
			productType = "com.apple.product-type.application";
		};
/* End PBXNativeTarget section */

/* Begin PBXProject section */
		1C42BF182B488E0700C43B28 /* Project object */ = {
			isa = PBXProject;
			attributes = {
				BuildIndependentTargetsInParallel = 1;
				LastSwiftUpdateCheck = 1420;
				LastUpgradeCheck = 1420;
				TargetAttributes = {
					1C42BF1F2B488E0700C43B28 = {
						CreatedOnToolsVersion = 14.2;
					};
				};
			};
			buildConfigurationList = 1C42BF1B2B488E0700C43B28 /* Build configuration list for PBXProject "RPS" */;
			compatibilityVersion = "Xcode 14.0";
			developmentRegion = en;
			hasScannedForEncodings = 0;
			knownRegions = (
				en,
				Base,
			);
			mainGroup = 1C42BF172B488E0700C43B28;
			productRefGroup = 1C42BF212B488E0700C43B28 /* Products */;
			projectDirPath = "";
			projectRoot = "";
			targets = (
				1C42BF1F2B488E0700C43B28 /* RPS */,
			);
		};
/* End PBXProject section */

/* Begin PBXResourcesBuildPhase section */
		1C42BF1E2B488E0700C43B28 /* Resources */ = {
			isa = PBXResourcesBuildPhase;
			buildActionMask = 2147483647;
			files = (
				1C42BF302B488E0D00C43B28 /* LaunchScreen.storyboard in Resources */,
				1C7C73CE2B644B2100654D02 /* rps1.png in Resources */,
				1C7C73CF2B644B2100654D02 /* rps4.png in Resources */,
				1C7C73D02B644B2100654D02 /* rps3.png in Resources */,
				1C42BF2D2B488E0D00C43B28 /* Assets.xcassets in Resources */,
				1C7C73CD2B644B2100654D02 /* rps2.png in Resources */,
				1C42BF2B2B488E0700C43B28 /* Main.storyboard in Resources */,
			);
			runOnlyForDeploymentPostprocessing = 0;
		};
/* End PBXResourcesBuildPhase section */

/* Begin PBXSourcesBuildPhase section */
		1C42BF1C2B488E0700C43B28 /* Sources */ = {
			isa = PBXSourcesBuildPhase;
			buildActionMask = 2147483647;
			files = (
				1C42BF282B488E0700C43B28 /* ViewController.swift in Sources */,
				1C42BF242B488E0700C43B28 /* AppDelegate.swift in Sources */,
				1C42BF412B48928A00C43B28 /* GameState.swift in Sources */,
				1C42BF3E2B48926B00C43B28 /* Sign.swift in Sources */,
				1C42BF262B488E0700C43B28 /* SceneDelegate.swift in Sources */,
			);
			runOnlyForDeploymentPostprocessing = 0;
		};
/* End PBXSourcesBuildPhase section */

/* Begin PBXVariantGroup section */
		1C42BF292B488E0700C43B28 /* Main.storyboard */ = {
			isa = PBXVariantGroup;
			children = (
				1C42BF2A2B488E0700C43B28 /* Base */,
			);
			name = Main.storyboard;
			sourceTree = "<group>";
		};
		1C42BF2E2B488E0D00C43B28 /* LaunchScreen.storyboard */ = {
			isa = PBXVariantGroup;
			children = (
				1C42BF2F2B488E0D00C43B28 /* Base */,
			);
			name = LaunchScreen.storyboard;
			sourceTree = "<group>";
		};
/* End PBXVariantGroup section */

/* Begin XCBuildConfiguration section */
		1C42BF322B488E0D00C43B28 /* Debug */ = {
			isa = XCBuildConfiguration;
			buildSettings = {
				ALWAYS_SEARCH_USER_PATHS = NO;
				CLANG_ANALYZER_NONNULL = YES;
				CLANG_ANALYZER_NUMBER_OBJECT_CONVERSION = YES_AGGRESSIVE;
				CLANG_CXX_LANGUAGE_STANDARD = "gnu++20";
				CLANG_ENABLE_MODULES = YES;
				CLANG_ENABLE_OBJC_ARC = YES;
				CLANG_ENABLE_OBJC_WEAK = YES;
				CLANG_WARN_BLOCK_CAPTURE_AUTORELEASING = YES;
				CLANG_WARN_BOOL_CONVERSION = YES;
				CLANG_WARN_COMMA = YES;
				CLANG_WARN_CONSTANT_CONVERSION = YES;
				CLANG_WARN_DEPRECATED_OBJC_IMPLEMENTATIONS = YES;
				CLANG_WARN_DIRECT_OBJC_ISA_USAGE = YES_ERROR;
				CLANG_WARN_DOCUMENTATION_COMMENTS = YES;
				CLANG_WARN_EMPTY_BODY = YES;
				CLANG_WARN_ENUM_CONVERSION = YES;
				CLANG_WARN_INFINITE_RECURSION = YES;
				CLANG_WARN_INT_CONVERSION = YES;
				CLANG_WARN_NON_LITERAL_NULL_CONVERSION = YES;
				CLANG_WARN_OBJC_IMPLICIT_RETAIN_SELF = YES;
				CLANG_WARN_OBJC_LITERAL_CONVERSION = YES;
				CLANG_WARN_OBJC_ROOT_CLASS = YES_ERROR;
				CLANG_WARN_QUOTED_INCLUDE_IN_FRAMEWORK_HEADER = YES;
				CLANG_WARN_RANGE_LOOP_ANALYSIS = YES;
				CLANG_WARN_STRICT_PROTOTYPES = YES;
				CLANG_WARN_SUSPICIOUS_MOVE = YES;
				CLANG_WARN_UNGUARDED_AVAILABILITY = YES_AGGRESSIVE;
				CLANG_WARN_UNREACHABLE_CODE = YES;
				CLANG_WARN__DUPLICATE_METHOD_MATCH = YES;
				COPY_PHASE_STRIP = NO;
				DEBUG_INFORMATION_FORMAT = dwarf;
				ENABLE_STRICT_OBJC_MSGSEND = YES;
				ENABLE_TESTABILITY = YES;
				GCC_C_LANGUAGE_STANDARD = gnu11;
				GCC_DYNAMIC_NO_PIC = NO;
				GCC_NO_COMMON_BLOCKS = YES;
				GCC_OPTIMIZATION_LEVEL = 0;
				GCC_PREPROCESSOR_DEFINITIONS = (
					"DEBUG=1",
					"$(inherited)",
				);
				GCC_WARN_64_TO_32_BIT_CONVERSION = YES;
				GCC_WARN_ABOUT_RETURN_TYPE = YES_ERROR;
				GCC_WARN_UNDECLARED_SELECTOR = YES;
				GCC_WARN_UNINITIALIZED_AUTOS = YES_AGGRESSIVE;
				GCC_WARN_UNUSED_FUNCTION = YES;
				GCC_WARN_UNUSED_VARIABLE = YES;
				IPHONEOS_DEPLOYMENT_TARGET = 16.2;
				MTL_ENABLE_DEBUG_INFO = INCLUDE_SOURCE;
				MTL_FAST_MATH = YES;
				ONLY_ACTIVE_ARCH = YES;
				SDKROOT = iphoneos;
				SWIFT_ACTIVE_COMPILATION_CONDITIONS = DEBUG;
				SWIFT_OPTIMIZATION_LEVEL = "-Onone";
			};
			name = Debug;
		};
		1C42BF332B488E0D00C43B28 /* Release */ = {
			isa = XCBuildConfiguration;
			buildSettings = {
				ALWAYS_SEARCH_USER_PATHS = NO;
				CLANG_ANALYZER_NONNULL = YES;
				CLANG_ANALYZER_NUMBER_OBJECT_CONVERSION = YES_AGGRESSIVE;
				CLANG_CXX_LANGUAGE_STANDARD = "gnu++20";
				CLANG_ENABLE_MODULES = YES;
				CLANG_ENABLE_OBJC_ARC = YES;
				CLANG_ENABLE_OBJC_WEAK = YES;
				CLANG_WARN_BLOCK_CAPTURE_AUTORELEASING = YES;
				CLANG_WARN_BOOL_CONVERSION = YES;
				CLANG_WARN_COMMA = YES;
				CLANG_WARN_CONSTANT_CONVERSION = YES;
				CLANG_WARN_DEPRECATED_OBJC_IMPLEMENTATIONS = YES;
				CLANG_WARN_DIRECT_OBJC_ISA_USAGE = YES_ERROR;
				CLANG_WARN_DOCUMENTATION_COMMENTS = YES;
				CLANG_WARN_EMPTY_BODY = YES;
				CLANG_WARN_ENUM_CONVERSION = YES;
				CLANG_WARN_INFINITE_RECURSION = YES;
				CLANG_WARN_INT_CONVERSION = YES;
				CLANG_WARN_NON_LITERAL_NULL_CONVERSION = YES;
				CLANG_WARN_OBJC_IMPLICIT_RETAIN_SELF = YES;
				CLANG_WARN_OBJC_LITERAL_CONVERSION = YES;
				CLANG_WARN_OBJC_ROOT_CLASS = YES_ERROR;
				CLANG_WARN_QUOTED_INCLUDE_IN_FRAMEWORK_HEADER = YES;
				CLANG_WARN_RANGE_LOOP_ANALYSIS = YES;
				CLANG_WARN_STRICT_PROTOTYPES = YES;
				CLANG_WARN_SUSPICIOUS_MOVE = YES;
				CLANG_WARN_UNGUARDED_AVAILABILITY = YES_AGGRESSIVE;
				CLANG_WARN_UNREACHABLE_CODE = YES;
				CLANG_WARN__DUPLICATE_METHOD_MATCH = YES;
				COPY_PHASE_STRIP = NO;
				DEBUG_INFORMATION_FORMAT = "dwarf-with-dsym";
				ENABLE_NS_ASSERTIONS = NO;
				ENABLE_STRICT_OBJC_MSGSEND = YES;
				GCC_C_LANGUAGE_STANDARD = gnu11;
				GCC_NO_COMMON_BLOCKS = YES;
				GCC_WARN_64_TO_32_BIT_CONVERSION = YES;
				GCC_WARN_ABOUT_RETURN_TYPE = YES_ERROR;
				GCC_WARN_UNDECLARED_SELECTOR = YES;
				GCC_WARN_UNINITIALIZED_AUTOS = YES_AGGRESSIVE;
				GCC_WARN_UNUSED_FUNCTION = YES;
				GCC_WARN_UNUSED_VARIABLE = YES;
				IPHONEOS_DEPLOYMENT_TARGET = 16.2;
				MTL_ENABLE_DEBUG_INFO = NO;
				MTL_FAST_MATH = YES;
				SDKROOT = iphoneos;
				SWIFT_COMPILATION_MODE = wholemodule;
				SWIFT_OPTIMIZATION_LEVEL = "-O";
				VALIDATE_PRODUCT = YES;
			};
			name = Release;
		};
		1C42BF352B488E0D00C43B28 /* Debug */ = {
			isa = XCBuildConfiguration;
			buildSettings = {
				ASSETCATALOG_COMPILER_APPICON_NAME = AppIcon;
				ASSETCATALOG_COMPILER_GLOBAL_ACCENT_COLOR_NAME = AccentColor;
				CODE_SIGN_STYLE = Automatic;
				CURRENT_PROJECT_VERSION = 1;
				DEVELOPMENT_TEAM = 59Z4AB289G;
				GENERATE_INFOPLIST_FILE = YES;
				INFOPLIST_FILE = RPS/Info.plist;
				INFOPLIST_KEY_UIApplicationSupportsIndirectInputEvents = YES;
				INFOPLIST_KEY_UILaunchStoryboardName = LaunchScreen;
				INFOPLIST_KEY_UIMainStoryboardFile = Main;
				INFOPLIST_KEY_UISupportedInterfaceOrientations_iPad = "UIInterfaceOrientationPortrait UIInterfaceOrientationPortraitUpsideDown UIInterfaceOrientationLandscapeLeft UIInterfaceOrientationLandscapeRight";
				INFOPLIST_KEY_UISupportedInterfaceOrientations_iPhone = "UIInterfaceOrientationPortrait UIInterfaceOrientationLandscapeLeft UIInterfaceOrientationLandscapeRight";
				LD_RUNPATH_SEARCH_PATHS = (
					"$(inherited)",
					"@executable_path/Frameworks",
				);
				MARKETING_VERSION = 1.0;
				PRODUCT_BUNDLE_IDENTIFIER = com.chardayn.RPS;
				PRODUCT_NAME = "$(TARGET_NAME)";
				SWIFT_EMIT_LOC_STRINGS = YES;
				SWIFT_VERSION = 5.0;
				TARGETED_DEVICE_FAMILY = "1,2";
			};
			name = Debug;
		};
		1C42BF362B488E0D00C43B28 /* Release */ = {
			isa = XCBuildConfiguration;
			buildSettings = {
				ASSETCATALOG_COMPILER_APPICON_NAME = AppIcon;
				ASSETCATALOG_COMPILER_GLOBAL_ACCENT_COLOR_NAME = AccentColor;
				CODE_SIGN_STYLE = Automatic;
				CURRENT_PROJECT_VERSION = 1;
				DEVELOPMENT_TEAM = 59Z4AB289G;
				GENERATE_INFOPLIST_FILE = YES;
				INFOPLIST_FILE = RPS/Info.plist;
				INFOPLIST_KEY_UIApplicationSupportsIndirectInputEvents = YES;
				INFOPLIST_KEY_UILaunchStoryboardName = LaunchScreen;
				INFOPLIST_KEY_UIMainStoryboardFile = Main;
				INFOPLIST_KEY_UISupportedInterfaceOrientations_iPad = "UIInterfaceOrientationPortrait UIInterfaceOrientationPortraitUpsideDown UIInterfaceOrientationLandscapeLeft UIInterfaceOrientationLandscapeRight";
				INFOPLIST_KEY_UISupportedInterfaceOrientations_iPhone = "UIInterfaceOrientationPortrait UIInterfaceOrientationLandscapeLeft UIInterfaceOrientationLandscapeRight";
				LD_RUNPATH_SEARCH_PATHS = (
					"$(inherited)",
					"@executable_path/Frameworks",
				);
				MARKETING_VERSION = 1.0;
				PRODUCT_BUNDLE_IDENTIFIER = com.chardayn.RPS;
				PRODUCT_NAME = "$(TARGET_NAME)";
				SWIFT_EMIT_LOC_STRINGS = YES;
				SWIFT_VERSION = 5.0;
				TARGETED_DEVICE_FAMILY = "1,2";
			};
			name = Release;
		};
/* End XCBuildConfiguration section */

/* Begin XCConfigurationList section */
		1C42BF1B2B488E0700C43B28 /* Build configuration list for PBXProject "RPS" */ = {
			isa = XCConfigurationList;
			buildConfigurations = (
				1C42BF322B488E0D00C43B28 /* Debug */,
				1C42BF332B488E0D00C43B28 /* Release */,
			);
			defaultConfigurationIsVisible = 0;
			defaultConfigurationName = Release;
		};
		1C42BF342B488E0D00C43B28 /* Build configuration list for PBXNativeTarget "RPS" */ = {
			isa = XCConfigurationList;
			buildConfigurations = (
				1C42BF352B488E0D00C43B28 /* Debug */,
				1C42BF362B488E0D00C43B28 /* Release */,
			);
			defaultConfigurationIsVisible = 0;
			defaultConfigurationName = Release;
		};
/* End XCConfigurationList section */
	};
	rootObject = 1C42BF182B488E0700C43B28 /* Project object */;
}
